<?xml version="1.0" encoding="utf-8"?>
<Project ToolsVersion="4.0" xmlns="http://schemas.microsoft.com/developer/msbuild/2003">
  <ItemGroup>
    <ClCompile Include="Main.cpp" />
    <ClCompile Include="Triangle.cpp">
      <Filter>Recreate into comfortable api</Filter>
    </ClCompile>
    <ClCompile Include="nest\utilities\initializations.cpp" />
  </ItemGroup>
  <ItemGroup>
    <Filter Include="Recreate into comfortable api">
      <UniqueIdentifier>{e9d38044-09e5-4590-8b34-130fdd54ff8f}</UniqueIdentifier>
    </Filter>
    <Filter Include="Utilities">
      <UniqueIdentifier>{ecd1d754-8664-4f98-b39c-30aba77d4b6c}</UniqueIdentifier>
    </Filter>
    <Filter Include="Utilities\Initializations">
      <UniqueIdentifier>{673dc51b-20bb-4f93-83d5-9533f052c542}</UniqueIdentifier>
    </Filter>
  </ItemGroup>
  <ItemGroup>
    <ClInclude Include="nest\utilities\initializations.hpp">
      <Filter>Utilities\Initializations</Filter>
    </ClInclude>
  </ItemGroup>
</Project>